
Microsoft Visual Studio Solution File, Format Version 12.00
# Visual Studio Version 17
VisualStudioVersion = 17.13.35931.197 d17.13
MinimumVisualStudioVersion = 10.0.40219.1
Project("{FAE04EC0-301F-11D3-BF4B-00C04F79EFBC}") = "florabloom", "florabloom\florabloom.csproj", "{3BF7DDA5-8B9A-442E-A114-44432781FB26}"
EndProject
Global
	GlobalSection(SolutionConfigurationPlatforms) = preSolution
		Debug|Any CPU = Debug|Any CPU
		Release|Any CPU = Release|Any CPU
	EndGlobalSection
	GlobalSection(ProjectConfigurationPlatforms) = postSolution
		{3BF7DDA5-8B9A-442E-A114-44432781FB26}.Debug|Any CPU.ActiveCfg = Debug|Any CPU
		{3BF7DDA5-8B9A-442E-A114-44432781FB26}.Debug|Any CPU.Build.0 = Debug|Any CPU
		{3BF7DDA5-8B9A-442E-A114-44432781FB26}.Release|Any CPU.ActiveCfg = Release|Any CPU
		{3BF7DDA5-8B9A-442E-A114-44432781FB26}.Release|Any CPU.Build.0 = Release|Any CPU
	EndGlobalSection
	GlobalSection(SolutionProperties) = preSolution
		HideSolutionNode = FALSE
	EndGlobalSection
	GlobalSection(ExtensibilityGlobals) = postSolution
		SolutionGuid = {A6DDA323-1DA4-4B5A-9CB0-CF7EBAA5A5F7}
	EndGlobalSection
EndGlobal
